// !$*UTF8*$!
{
	archiveVersion = 1;
	classes = {
	};
	objectVersion = 46;
	objects = {

/* Begin PBXBuildFile section */
		A526BCFE1FF8BC6000978366 /* CommandPrompt.swift in Sources */ = {isa = PBXBuildFile; fileRef = A526BCFD1FF8BC6000978366 /* CommandPrompt.swift */; };
		OBJ_100 /* PathKit.swift in Sources */ = {isa = PBXBuildFile; fileRef = OBJ_20 /* PathKit.swift */; };
		OBJ_102 /* Spectre.framework in Frameworks */ = {isa = PBXBuildFile; fileRef = OBJ_50 /* Spectre.framework */; };
		OBJ_109 /* main.swift in Sources */ = {isa = PBXBuildFile; fileRef = OBJ_9 /* main.swift */; };
		OBJ_111 /* Rainbow.framework in Frameworks */ = {isa = PBXBuildFile; fileRef = OBJ_48 /* Rainbow.framework */; };
		OBJ_112 /* CommandLineKit.framework in Frameworks */ = {isa = PBXBuildFile; fileRef = OBJ_49 /* CommandLineKit.framework */; };
		OBJ_113 /* Spectre.framework in Frameworks */ = {isa = PBXBuildFile; fileRef = OBJ_50 /* Spectre.framework */; };
		OBJ_114 /* PathKit.framework in Frameworks */ = {isa = PBXBuildFile; fileRef = OBJ_51 /* PathKit.framework */; };
		OBJ_115 /* FengNiaoKitCopy.framework in Frameworks */ = {isa = PBXBuildFile; fileRef = OBJ_53 /* FengNiaoKitCopy.framework */; };
		OBJ_126 /* ExtensionFindProcessCopy.swift in Sources */ = {isa = PBXBuildFile; fileRef = OBJ_11 /* ExtensionFindProcessCopy.swift */; };
		OBJ_127 /* ExtensionsCopy.swift in Sources */ = {isa = PBXBuildFile; fileRef = OBJ_12 /* ExtensionsCopy.swift */; };
		OBJ_128 /* FengNiaoCopy.swift in Sources */ = {isa = PBXBuildFile; fileRef = OBJ_13 /* FengNiaoCopy.swift */; };
		OBJ_129 /* FileSearchRuleCopy.swift in Sources */ = {isa = PBXBuildFile; fileRef = OBJ_14 /* FileSearchRuleCopy.swift */; };
		OBJ_131 /* Rainbow.framework in Frameworks */ = {isa = PBXBuildFile; fileRef = OBJ_48 /* Rainbow.framework */; };
		OBJ_132 /* CommandLineKit.framework in Frameworks */ = {isa = PBXBuildFile; fileRef = OBJ_49 /* CommandLineKit.framework */; };
		OBJ_133 /* Spectre.framework in Frameworks */ = {isa = PBXBuildFile; fileRef = OBJ_50 /* Spectre.framework */; };
		OBJ_134 /* PathKit.framework in Frameworks */ = {isa = PBXBuildFile; fileRef = OBJ_51 /* PathKit.framework */; };
		OBJ_144 /* FengNiaoCopyTests.swift in Sources */ = {isa = PBXBuildFile; fileRef = OBJ_17 /* FengNiaoCopyTests.swift */; };
		OBJ_146 /* Rainbow.framework in Frameworks */ = {isa = PBXBuildFile; fileRef = OBJ_48 /* Rainbow.framework */; };
		OBJ_147 /* CommandLineKit.framework in Frameworks */ = {isa = PBXBuildFile; fileRef = OBJ_49 /* CommandLineKit.framework */; };
		OBJ_148 /* Spectre.framework in Frameworks */ = {isa = PBXBuildFile; fileRef = OBJ_50 /* Spectre.framework */; };
		OBJ_149 /* PathKit.framework in Frameworks */ = {isa = PBXBuildFile; fileRef = OBJ_51 /* PathKit.framework */; };
		OBJ_150 /* FengNiaoKitCopy.framework in Frameworks */ = {isa = PBXBuildFile; fileRef = OBJ_53 /* FengNiaoKitCopy.framework */; };
		OBJ_60 /* BackgroundColor.swift in Sources */ = {isa = PBXBuildFile; fileRef = OBJ_36 /* BackgroundColor.swift */; };
		OBJ_61 /* CodesParser.swift in Sources */ = {isa = PBXBuildFile; fileRef = OBJ_37 /* CodesParser.swift */; };
		OBJ_62 /* Color.swift in Sources */ = {isa = PBXBuildFile; fileRef = OBJ_38 /* Color.swift */; };
		OBJ_63 /* ControlCode.swift in Sources */ = {isa = PBXBuildFile; fileRef = OBJ_39 /* ControlCode.swift */; };
		OBJ_64 /* ModesExtractor.swift in Sources */ = {isa = PBXBuildFile; fileRef = OBJ_40 /* ModesExtractor.swift */; };
		OBJ_65 /* OutputTarget.swift in Sources */ = {isa = PBXBuildFile; fileRef = OBJ_41 /* OutputTarget.swift */; };
		OBJ_66 /* Rainbow.swift in Sources */ = {isa = PBXBuildFile; fileRef = OBJ_42 /* Rainbow.swift */; };
		OBJ_67 /* String+Rainbow.swift in Sources */ = {isa = PBXBuildFile; fileRef = OBJ_43 /* String+Rainbow.swift */; };
		OBJ_68 /* StringGenerator.swift in Sources */ = {isa = PBXBuildFile; fileRef = OBJ_44 /* StringGenerator.swift */; };
		OBJ_69 /* Style.swift in Sources */ = {isa = PBXBuildFile; fileRef = OBJ_45 /* Style.swift */; };
		OBJ_70 /* XcodeColorsSupport.swift in Sources */ = {isa = PBXBuildFile; fileRef = OBJ_46 /* XcodeColorsSupport.swift */; };
		OBJ_77 /* CommandLine.swift in Sources */ = {isa = PBXBuildFile; fileRef = OBJ_32 /* CommandLine.swift */; };
		OBJ_78 /* Option.swift in Sources */ = {isa = PBXBuildFile; fileRef = OBJ_33 /* Option.swift */; };
		OBJ_79 /* StringExtensions.swift in Sources */ = {isa = PBXBuildFile; fileRef = OBJ_34 /* StringExtensions.swift */; };
		OBJ_86 /* Case.swift in Sources */ = {isa = PBXBuildFile; fileRef = OBJ_22 /* Case.swift */; };
		OBJ_87 /* Context.swift in Sources */ = {isa = PBXBuildFile; fileRef = OBJ_23 /* Context.swift */; };
		OBJ_88 /* Expectation.swift in Sources */ = {isa = PBXBuildFile; fileRef = OBJ_24 /* Expectation.swift */; };
		OBJ_89 /* Failure.swift in Sources */ = {isa = PBXBuildFile; fileRef = OBJ_25 /* Failure.swift */; };
		OBJ_90 /* Global.swift in Sources */ = {isa = PBXBuildFile; fileRef = OBJ_26 /* Global.swift */; };
		OBJ_91 /* GlobalContext.swift in Sources */ = {isa = PBXBuildFile; fileRef = OBJ_27 /* GlobalContext.swift */; };
		OBJ_92 /* Reporter.swift in Sources */ = {isa = PBXBuildFile; fileRef = OBJ_28 /* Reporter.swift */; };
		OBJ_93 /* Reporters.swift in Sources */ = {isa = PBXBuildFile; fileRef = OBJ_29 /* Reporters.swift */; };
/* End PBXBuildFile section */

/* Begin PBXContainerItemProxy section */
		A5A0A8B11FE6869A004465FC /* PBXContainerItemProxy */ = {
			isa = PBXContainerItemProxy;
			containerPortal = OBJ_1 /* Project object */;
			proxyType = 1;
			remoteGlobalIDString = OBJ_81;
			remoteInfo = Spectre;
		};
		A5A0A8B21FE6869A004465FC /* PBXContainerItemProxy */ = {
			isa = PBXContainerItemProxy;
			containerPortal = OBJ_1 /* Project object */;
			proxyType = 1;
			remoteGlobalIDString = OBJ_55;
			remoteInfo = Rainbow;
		};
		A5A0A8B31FE6869A004465FC /* PBXContainerItemProxy */ = {
			isa = PBXContainerItemProxy;
			containerPortal = OBJ_1 /* Project object */;
			proxyType = 1;
			remoteGlobalIDString = OBJ_72;
			remoteInfo = CommandLineKit;
		};
		A5A0A8B41FE6869A004465FC /* PBXContainerItemProxy */ = {
			isa = PBXContainerItemProxy;
			containerPortal = OBJ_1 /* Project object */;
			proxyType = 1;
			remoteGlobalIDString = OBJ_81;
			remoteInfo = Spectre;
		};
		A5A0A8B51FE6869A004465FC /* PBXContainerItemProxy */ = {
			isa = PBXContainerItemProxy;
			containerPortal = OBJ_1 /* Project object */;
			proxyType = 1;
			remoteGlobalIDString = OBJ_95;
			remoteInfo = PathKit;
		};
		A5A0A8B61FE6869A004465FC /* PBXContainerItemProxy */ = {
			isa = PBXContainerItemProxy;
			containerPortal = OBJ_1 /* Project object */;
			proxyType = 1;
			remoteGlobalIDString = OBJ_121;
			remoteInfo = FengNiaoKitCopy;
		};
		A5A0A8B71FE6869A004465FC /* PBXContainerItemProxy */ = {
			isa = PBXContainerItemProxy;
			containerPortal = OBJ_1 /* Project object */;
			proxyType = 1;
			remoteGlobalIDString = OBJ_55;
			remoteInfo = Rainbow;
		};
		A5A0A8B81FE6869A004465FC /* PBXContainerItemProxy */ = {
			isa = PBXContainerItemProxy;
			containerPortal = OBJ_1 /* Project object */;
			proxyType = 1;
			remoteGlobalIDString = OBJ_72;
			remoteInfo = CommandLineKit;
		};
		A5A0A8B91FE6869A004465FC /* PBXContainerItemProxy */ = {
			isa = PBXContainerItemProxy;
			containerPortal = OBJ_1 /* Project object */;
			proxyType = 1;
			remoteGlobalIDString = OBJ_81;
			remoteInfo = Spectre;
		};
		A5A0A8BA1FE6869A004465FC /* PBXContainerItemProxy */ = {
			isa = PBXContainerItemProxy;
			containerPortal = OBJ_1 /* Project object */;
			proxyType = 1;
			remoteGlobalIDString = OBJ_95;
			remoteInfo = PathKit;
		};
		A5A0A8BB1FE6869A004465FC /* PBXContainerItemProxy */ = {
			isa = PBXContainerItemProxy;
			containerPortal = OBJ_1 /* Project object */;
			proxyType = 1;
			remoteGlobalIDString = OBJ_55;
			remoteInfo = Rainbow;
		};
		A5A0A8BC1FE6869A004465FC /* PBXContainerItemProxy */ = {
			isa = PBXContainerItemProxy;
			containerPortal = OBJ_1 /* Project object */;
			proxyType = 1;
			remoteGlobalIDString = OBJ_72;
			remoteInfo = CommandLineKit;
		};
		A5A0A8BD1FE6869A004465FC /* PBXContainerItemProxy */ = {
			isa = PBXContainerItemProxy;
			containerPortal = OBJ_1 /* Project object */;
			proxyType = 1;
			remoteGlobalIDString = OBJ_81;
			remoteInfo = Spectre;
		};
		A5A0A8BE1FE6869A004465FC /* PBXContainerItemProxy */ = {
			isa = PBXContainerItemProxy;
			containerPortal = OBJ_1 /* Project object */;
			proxyType = 1;
			remoteGlobalIDString = OBJ_95;
			remoteInfo = PathKit;
		};
		A5A0A8BF1FE6869A004465FC /* PBXContainerItemProxy */ = {
			isa = PBXContainerItemProxy;
			containerPortal = OBJ_1 /* Project object */;
			proxyType = 1;
			remoteGlobalIDString = OBJ_121;
			remoteInfo = FengNiaoKitCopy;
		};
		A5A0A8C01FE6869A004465FC /* PBXContainerItemProxy */ = {
			isa = PBXContainerItemProxy;
			containerPortal = OBJ_1 /* Project object */;
			proxyType = 1;
			remoteGlobalIDString = OBJ_104;
			remoteInfo = FengNiaoCopy;
		};
/* End PBXContainerItemProxy section */

/* Begin PBXFileReference section */
		A526BCFD1FF8BC6000978366 /* CommandPrompt.swift */ = {isa = PBXFileReference; lastKnownFileType = sourcecode.swift; path = CommandPrompt.swift; sourceTree = "<group>"; };
		OBJ_11 /* ExtensionFindProcessCopy.swift */ = {isa = PBXFileReference; lastKnownFileType = sourcecode.swift; path = ExtensionFindProcessCopy.swift; sourceTree = "<group>"; };
		OBJ_12 /* ExtensionsCopy.swift */ = {isa = PBXFileReference; lastKnownFileType = sourcecode.swift; path = ExtensionsCopy.swift; sourceTree = "<group>"; };
		OBJ_13 /* FengNiaoCopy.swift */ = {isa = PBXFileReference; lastKnownFileType = sourcecode.swift; path = FengNiaoCopy.swift; sourceTree = "<group>"; };
		OBJ_14 /* FileSearchRuleCopy.swift */ = {isa = PBXFileReference; lastKnownFileType = sourcecode.swift; path = FileSearchRuleCopy.swift; sourceTree = "<group>"; };
		OBJ_17 /* FengNiaoCopyTests.swift */ = {isa = PBXFileReference; lastKnownFileType = sourcecode.swift; path = FengNiaoCopyTests.swift; sourceTree = "<group>"; };
		OBJ_20 /* PathKit.swift */ = {isa = PBXFileReference; lastKnownFileType = sourcecode.swift; path = PathKit.swift; sourceTree = "<group>"; };
		OBJ_22 /* Case.swift */ = {isa = PBXFileReference; lastKnownFileType = sourcecode.swift; path = Case.swift; sourceTree = "<group>"; };
		OBJ_23 /* Context.swift */ = {isa = PBXFileReference; lastKnownFileType = sourcecode.swift; path = Context.swift; sourceTree = "<group>"; };
		OBJ_24 /* Expectation.swift */ = {isa = PBXFileReference; lastKnownFileType = sourcecode.swift; path = Expectation.swift; sourceTree = "<group>"; };
		OBJ_25 /* Failure.swift */ = {isa = PBXFileReference; lastKnownFileType = sourcecode.swift; path = Failure.swift; sourceTree = "<group>"; };
		OBJ_26 /* Global.swift */ = {isa = PBXFileReference; lastKnownFileType = sourcecode.swift; path = Global.swift; sourceTree = "<group>"; };
		OBJ_27 /* GlobalContext.swift */ = {isa = PBXFileReference; lastKnownFileType = sourcecode.swift; path = GlobalContext.swift; sourceTree = "<group>"; };
		OBJ_28 /* Reporter.swift */ = {isa = PBXFileReference; lastKnownFileType = sourcecode.swift; path = Reporter.swift; sourceTree = "<group>"; };
		OBJ_29 /* Reporters.swift */ = {isa = PBXFileReference; lastKnownFileType = sourcecode.swift; path = Reporters.swift; sourceTree = "<group>"; };
		OBJ_32 /* CommandLine.swift */ = {isa = PBXFileReference; lastKnownFileType = sourcecode.swift; path = CommandLine.swift; sourceTree = "<group>"; };
		OBJ_33 /* Option.swift */ = {isa = PBXFileReference; lastKnownFileType = sourcecode.swift; path = Option.swift; sourceTree = "<group>"; };
		OBJ_34 /* StringExtensions.swift */ = {isa = PBXFileReference; lastKnownFileType = sourcecode.swift; path = StringExtensions.swift; sourceTree = "<group>"; };
		OBJ_36 /* BackgroundColor.swift */ = {isa = PBXFileReference; lastKnownFileType = sourcecode.swift; path = BackgroundColor.swift; sourceTree = "<group>"; };
		OBJ_37 /* CodesParser.swift */ = {isa = PBXFileReference; lastKnownFileType = sourcecode.swift; path = CodesParser.swift; sourceTree = "<group>"; };
		OBJ_38 /* Color.swift */ = {isa = PBXFileReference; lastKnownFileType = sourcecode.swift; path = Color.swift; sourceTree = "<group>"; };
		OBJ_39 /* ControlCode.swift */ = {isa = PBXFileReference; lastKnownFileType = sourcecode.swift; path = ControlCode.swift; sourceTree = "<group>"; };
		OBJ_40 /* ModesExtractor.swift */ = {isa = PBXFileReference; lastKnownFileType = sourcecode.swift; path = ModesExtractor.swift; sourceTree = "<group>"; };
		OBJ_41 /* OutputTarget.swift */ = {isa = PBXFileReference; lastKnownFileType = sourcecode.swift; path = OutputTarget.swift; sourceTree = "<group>"; };
		OBJ_42 /* Rainbow.swift */ = {isa = PBXFileReference; lastKnownFileType = sourcecode.swift; path = Rainbow.swift; sourceTree = "<group>"; };
		OBJ_43 /* String+Rainbow.swift */ = {isa = PBXFileReference; lastKnownFileType = sourcecode.swift; path = "String+Rainbow.swift"; sourceTree = "<group>"; };
		OBJ_44 /* StringGenerator.swift */ = {isa = PBXFileReference; lastKnownFileType = sourcecode.swift; path = StringGenerator.swift; sourceTree = "<group>"; };
		OBJ_45 /* Style.swift */ = {isa = PBXFileReference; lastKnownFileType = sourcecode.swift; path = Style.swift; sourceTree = "<group>"; };
		OBJ_46 /* XcodeColorsSupport.swift */ = {isa = PBXFileReference; lastKnownFileType = sourcecode.swift; path = XcodeColorsSupport.swift; sourceTree = "<group>"; };
		OBJ_48 /* Rainbow.framework */ = {isa = PBXFileReference; explicitFileType = wrapper.framework; path = Rainbow.framework; sourceTree = BUILT_PRODUCTS_DIR; };
		OBJ_49 /* CommandLineKit.framework */ = {isa = PBXFileReference; explicitFileType = wrapper.framework; path = CommandLineKit.framework; sourceTree = BUILT_PRODUCTS_DIR; };
		OBJ_50 /* Spectre.framework */ = {isa = PBXFileReference; explicitFileType = wrapper.framework; path = Spectre.framework; sourceTree = BUILT_PRODUCTS_DIR; };
		OBJ_51 /* PathKit.framework */ = {isa = PBXFileReference; explicitFileType = wrapper.framework; path = PathKit.framework; sourceTree = BUILT_PRODUCTS_DIR; };
		OBJ_52 /* FengNiaoCopy */ = {isa = PBXFileReference; lastKnownFileType = text; path = FengNiaoCopy; sourceTree = BUILT_PRODUCTS_DIR; };
		OBJ_53 /* FengNiaoKitCopy.framework */ = {isa = PBXFileReference; explicitFileType = wrapper.framework; path = FengNiaoKitCopy.framework; sourceTree = BUILT_PRODUCTS_DIR; };
		OBJ_54 /* FengNiaoCopyTests.xctest */ = {isa = PBXFileReference; lastKnownFileType = file; path = FengNiaoCopyTests.xctest; sourceTree = BUILT_PRODUCTS_DIR; };
		OBJ_6 /* Package.swift */ = {isa = PBXFileReference; explicitFileType = sourcecode.swift; path = Package.swift; sourceTree = "<group>"; };
		OBJ_9 /* main.swift */ = {isa = PBXFileReference; lastKnownFileType = sourcecode.swift; path = main.swift; sourceTree = "<group>"; };
/* End PBXFileReference section */

/* Begin PBXFrameworksBuildPhase section */
		OBJ_101 /* Frameworks */ = {
			isa = PBXFrameworksBuildPhase;
			buildActionMask = 0;
			files = (
				OBJ_102 /* Spectre.framework in Frameworks */,
			);
			runOnlyForDeploymentPostprocessing = 0;
		};
		OBJ_110 /* Frameworks */ = {
			isa = PBXFrameworksBuildPhase;
			buildActionMask = 0;
			files = (
				OBJ_111 /* Rainbow.framework in Frameworks */,
				OBJ_112 /* CommandLineKit.framework in Frameworks */,
				OBJ_113 /* Spectre.framework in Frameworks */,
				OBJ_114 /* PathKit.framework in Frameworks */,
				OBJ_115 /* FengNiaoKitCopy.framework in Frameworks */,
			);
			runOnlyForDeploymentPostprocessing = 0;
		};
		OBJ_130 /* Frameworks */ = {
			isa = PBXFrameworksBuildPhase;
			buildActionMask = 0;
			files = (
				OBJ_131 /* Rainbow.framework in Frameworks */,
				OBJ_132 /* CommandLineKit.framework in Frameworks */,
				OBJ_133 /* Spectre.framework in Frameworks */,
				OBJ_134 /* PathKit.framework in Frameworks */,
			);
			runOnlyForDeploymentPostprocessing = 0;
		};
		OBJ_145 /* Frameworks */ = {
			isa = PBXFrameworksBuildPhase;
			buildActionMask = 0;
			files = (
				OBJ_146 /* Rainbow.framework in Frameworks */,
				OBJ_147 /* CommandLineKit.framework in Frameworks */,
				OBJ_148 /* Spectre.framework in Frameworks */,
				OBJ_149 /* PathKit.framework in Frameworks */,
				OBJ_150 /* FengNiaoKitCopy.framework in Frameworks */,
			);
			runOnlyForDeploymentPostprocessing = 0;
		};
		OBJ_71 /* Frameworks */ = {
			isa = PBXFrameworksBuildPhase;
			buildActionMask = 0;
			files = (
			);
			runOnlyForDeploymentPostprocessing = 0;
		};
		OBJ_80 /* Frameworks */ = {
			isa = PBXFrameworksBuildPhase;
			buildActionMask = 0;
			files = (
			);
			runOnlyForDeploymentPostprocessing = 0;
		};
		OBJ_94 /* Frameworks */ = {
			isa = PBXFrameworksBuildPhase;
			buildActionMask = 0;
			files = (
			);
			runOnlyForDeploymentPostprocessing = 0;
		};
/* End PBXFrameworksBuildPhase section */

/* Begin PBXGroup section */
		OBJ_10 /* FengNiaoKitCopy */ = {
			isa = PBXGroup;
			children = (
				OBJ_11 /* ExtensionFindProcessCopy.swift */,
				OBJ_12 /* ExtensionsCopy.swift */,
				OBJ_13 /* FengNiaoCopy.swift */,
				OBJ_14 /* FileSearchRuleCopy.swift */,
			);
			name = FengNiaoKitCopy;
			path = Sources/FengNiaoKitCopy;
			sourceTree = SOURCE_ROOT;
		};
		OBJ_15 /* Tests */ = {
			isa = PBXGroup;
			children = (
				OBJ_16 /* FengNiaoCopyTests */,
			);
			name = Tests;
			sourceTree = SOURCE_ROOT;
		};
		OBJ_16 /* FengNiaoCopyTests */ = {
			isa = PBXGroup;
			children = (
				OBJ_17 /* FengNiaoCopyTests.swift */,
			);
			name = FengNiaoCopyTests;
			path = Tests/FengNiaoCopyTests;
			sourceTree = SOURCE_ROOT;
		};
		OBJ_18 /* Dependencies */ = {
			isa = PBXGroup;
			children = (
				OBJ_19 /* PathKit 0.8.0 */,
				OBJ_21 /* Spectre 0.7.2 */,
				OBJ_30 /* CommandLine 3.0.0-pre1 */,
				OBJ_35 /* Rainbow 2.1.0 */,
			);
			name = Dependencies;
			sourceTree = "<group>";
		};
		OBJ_19 /* PathKit 0.8.0 */ = {
			isa = PBXGroup;
			children = (
				OBJ_20 /* PathKit.swift */,
			);
			name = "PathKit 0.8.0";
			path = ".build/checkouts/PathKit.git--1865447967743163058/Sources";
			sourceTree = SOURCE_ROOT;
		};
		OBJ_21 /* Spectre 0.7.2 */ = {
			isa = PBXGroup;
			children = (
				OBJ_22 /* Case.swift */,
				OBJ_23 /* Context.swift */,
				OBJ_24 /* Expectation.swift */,
				OBJ_25 /* Failure.swift */,
				OBJ_26 /* Global.swift */,
				OBJ_27 /* GlobalContext.swift */,
				OBJ_28 /* Reporter.swift */,
				OBJ_29 /* Reporters.swift */,
			);
			name = "Spectre 0.7.2";
			path = ".build/checkouts/Spectre.git--7655155069707042687/Sources";
			sourceTree = SOURCE_ROOT;
		};
		OBJ_30 /* CommandLine 3.0.0-pre1 */ = {
			isa = PBXGroup;
			children = (
				OBJ_31 /* CommandLineKit */,
			);
			name = "CommandLine 3.0.0-pre1";
			sourceTree = SOURCE_ROOT;
		};
		OBJ_31 /* CommandLineKit */ = {
			isa = PBXGroup;
			children = (
				OBJ_32 /* CommandLine.swift */,
				OBJ_33 /* Option.swift */,
				OBJ_34 /* StringExtensions.swift */,
			);
			name = CommandLineKit;
			path = ".build/checkouts/CommandLine-2650396103741080200/CommandLineKit";
			sourceTree = SOURCE_ROOT;
		};
		OBJ_35 /* Rainbow 2.1.0 */ = {
			isa = PBXGroup;
			children = (
				OBJ_36 /* BackgroundColor.swift */,
				OBJ_37 /* CodesParser.swift */,
				OBJ_38 /* Color.swift */,
				OBJ_39 /* ControlCode.swift */,
				OBJ_40 /* ModesExtractor.swift */,
				OBJ_41 /* OutputTarget.swift */,
				OBJ_42 /* Rainbow.swift */,
				OBJ_43 /* String+Rainbow.swift */,
				OBJ_44 /* StringGenerator.swift */,
				OBJ_45 /* Style.swift */,
				OBJ_46 /* XcodeColorsSupport.swift */,
			);
			name = "Rainbow 2.1.0";
			path = ".build/checkouts/Rainbow-4833422609927903952/Sources";
			sourceTree = SOURCE_ROOT;
		};
		OBJ_47 /* Products */ = {
			isa = PBXGroup;
			children = (
				OBJ_48 /* Rainbow.framework */,
				OBJ_49 /* CommandLineKit.framework */,
				OBJ_50 /* Spectre.framework */,
				OBJ_51 /* PathKit.framework */,
				OBJ_52 /* FengNiaoCopy */,
				OBJ_53 /* FengNiaoKitCopy.framework */,
				OBJ_54 /* FengNiaoCopyTests.xctest */,
			);
			name = Products;
			sourceTree = BUILT_PRODUCTS_DIR;
		};
		OBJ_5 = {
			isa = PBXGroup;
			children = (
				OBJ_6 /* Package.swift */,
				OBJ_7 /* Sources */,
				OBJ_15 /* Tests */,
				OBJ_18 /* Dependencies */,
				OBJ_47 /* Products */,
			);
			sourceTree = "<group>";
		};
		OBJ_7 /* Sources */ = {
			isa = PBXGroup;
			children = (
				OBJ_8 /* FengNiaoCopy */,
				OBJ_10 /* FengNiaoKitCopy */,
			);
			name = Sources;
			sourceTree = SOURCE_ROOT;
		};
		OBJ_8 /* FengNiaoCopy */ = {
			isa = PBXGroup;
			children = (
				OBJ_9 /* main.swift */,
				A526BCFD1FF8BC6000978366 /* CommandPrompt.swift */,
			);
			name = FengNiaoCopy;
			path = Sources/FengNiaoCopy;
			sourceTree = SOURCE_ROOT;
		};
/* End PBXGroup section */

/* Begin PBXNativeTarget section */
		OBJ_104 /* FengNiaoCopy */ = {
			isa = PBXNativeTarget;
			buildConfigurationList = OBJ_105 /* Build configuration list for PBXNativeTarget "FengNiaoCopy" */;
			buildPhases = (
				OBJ_108 /* Sources */,
				OBJ_110 /* Frameworks */,
			);
			buildRules = (
			);
			dependencies = (
				OBJ_116 /* PBXTargetDependency */,
				OBJ_117 /* PBXTargetDependency */,
				OBJ_118 /* PBXTargetDependency */,
				OBJ_119 /* PBXTargetDependency */,
				OBJ_120 /* PBXTargetDependency */,
			);
			name = FengNiaoCopy;
			productName = FengNiaoCopy;
			productReference = OBJ_52 /* FengNiaoCopy */;
			productType = "com.apple.product-type.tool";
		};
		OBJ_121 /* FengNiaoKitCopy */ = {
			isa = PBXNativeTarget;
			buildConfigurationList = OBJ_122 /* Build configuration list for PBXNativeTarget "FengNiaoKitCopy" */;
			buildPhases = (
				OBJ_125 /* Sources */,
				OBJ_130 /* Frameworks */,
			);
			buildRules = (
			);
			dependencies = (
				OBJ_135 /* PBXTargetDependency */,
				OBJ_136 /* PBXTargetDependency */,
				OBJ_137 /* PBXTargetDependency */,
				OBJ_138 /* PBXTargetDependency */,
			);
			name = FengNiaoKitCopy;
			productName = FengNiaoKitCopy;
			productReference = OBJ_53 /* FengNiaoKitCopy.framework */;
			productType = "com.apple.product-type.framework";
		};
		OBJ_139 /* FengNiaoCopyTests */ = {
			isa = PBXNativeTarget;
			buildConfigurationList = OBJ_140 /* Build configuration list for PBXNativeTarget "FengNiaoCopyTests" */;
			buildPhases = (
				OBJ_143 /* Sources */,
				OBJ_145 /* Frameworks */,
			);
			buildRules = (
			);
			dependencies = (
				OBJ_151 /* PBXTargetDependency */,
				OBJ_152 /* PBXTargetDependency */,
				OBJ_153 /* PBXTargetDependency */,
				OBJ_154 /* PBXTargetDependency */,
				OBJ_155 /* PBXTargetDependency */,
				OBJ_156 /* PBXTargetDependency */,
			);
			name = FengNiaoCopyTests;
			productName = FengNiaoCopyTests;
			productReference = OBJ_54 /* FengNiaoCopyTests.xctest */;
			productType = "com.apple.product-type.bundle.unit-test";
		};
		OBJ_55 /* Rainbow */ = {
			isa = PBXNativeTarget;
			buildConfigurationList = OBJ_56 /* Build configuration list for PBXNativeTarget "Rainbow" */;
			buildPhases = (
				OBJ_59 /* Sources */,
				OBJ_71 /* Frameworks */,
			);
			buildRules = (
			);
			dependencies = (
			);
			name = Rainbow;
			productName = Rainbow;
			productReference = OBJ_48 /* Rainbow.framework */;
			productType = "com.apple.product-type.framework";
		};
		OBJ_72 /* CommandLineKit */ = {
			isa = PBXNativeTarget;
			buildConfigurationList = OBJ_73 /* Build configuration list for PBXNativeTarget "CommandLineKit" */;
			buildPhases = (
				OBJ_76 /* Sources */,
				OBJ_80 /* Frameworks */,
			);
			buildRules = (
			);
			dependencies = (
			);
			name = CommandLineKit;
			productName = CommandLineKit;
			productReference = OBJ_49 /* CommandLineKit.framework */;
			productType = "com.apple.product-type.framework";
		};
		OBJ_81 /* Spectre */ = {
			isa = PBXNativeTarget;
			buildConfigurationList = OBJ_82 /* Build configuration list for PBXNativeTarget "Spectre" */;
			buildPhases = (
				OBJ_85 /* Sources */,
				OBJ_94 /* Frameworks */,
			);
			buildRules = (
			);
			dependencies = (
			);
			name = Spectre;
			productName = Spectre;
			productReference = OBJ_50 /* Spectre.framework */;
			productType = "com.apple.product-type.framework";
		};
		OBJ_95 /* PathKit */ = {
			isa = PBXNativeTarget;
			buildConfigurationList = OBJ_96 /* Build configuration list for PBXNativeTarget "PathKit" */;
			buildPhases = (
				OBJ_99 /* Sources */,
				OBJ_101 /* Frameworks */,
			);
			buildRules = (
			);
			dependencies = (
				OBJ_103 /* PBXTargetDependency */,
			);
			name = PathKit;
			productName = PathKit;
			productReference = OBJ_51 /* PathKit.framework */;
			productType = "com.apple.product-type.framework";
		};
/* End PBXNativeTarget section */

/* Begin PBXProject section */
		OBJ_1 /* Project object */ = {
			isa = PBXProject;
			attributes = {
				LastUpgradeCheck = 9999;
			};
			buildConfigurationList = OBJ_2 /* Build configuration list for PBXProject "FengNiaoCopy" */;
			compatibilityVersion = "Xcode 3.2";
			developmentRegion = English;
			hasScannedForEncodings = 0;
			knownRegions = (
				en,
			);
			mainGroup = OBJ_5;
			productRefGroup = OBJ_47 /* Products */;
			projectDirPath = "";
			projectRoot = "";
			targets = (
				OBJ_55 /* Rainbow */,
				OBJ_72 /* CommandLineKit */,
				OBJ_81 /* Spectre */,
				OBJ_95 /* PathKit */,
				OBJ_104 /* FengNiaoCopy */,
				OBJ_121 /* FengNiaoKitCopy */,
				OBJ_139 /* FengNiaoCopyTests */,
			);
		};
/* End PBXProject section */

/* Begin PBXSourcesBuildPhase section */
		OBJ_108 /* Sources */ = {
			isa = PBXSourcesBuildPhase;
			buildActionMask = 0;
			files = (
				OBJ_109 /* main.swift in Sources */,
				A526BCFE1FF8BC6000978366 /* CommandPrompt.swift in Sources */,
			);
			runOnlyForDeploymentPostprocessing = 0;
		};
		OBJ_125 /* Sources */ = {
			isa = PBXSourcesBuildPhase;
			buildActionMask = 0;
			files = (
				OBJ_126 /* ExtensionFindProcessCopy.swift in Sources */,
				OBJ_127 /* ExtensionsCopy.swift in Sources */,
				OBJ_128 /* FengNiaoCopy.swift in Sources */,
				OBJ_129 /* FileSearchRuleCopy.swift in Sources */,
			);
			runOnlyForDeploymentPostprocessing = 0;
		};
		OBJ_143 /* Sources */ = {
			isa = PBXSourcesBuildPhase;
			buildActionMask = 0;
			files = (
				OBJ_144 /* FengNiaoCopyTests.swift in Sources */,
			);
			runOnlyForDeploymentPostprocessing = 0;
		};
		OBJ_59 /* Sources */ = {
			isa = PBXSourcesBuildPhase;
			buildActionMask = 0;
			files = (
				OBJ_60 /* BackgroundColor.swift in Sources */,
				OBJ_61 /* CodesParser.swift in Sources */,
				OBJ_62 /* Color.swift in Sources */,
				OBJ_63 /* ControlCode.swift in Sources */,
				OBJ_64 /* ModesExtractor.swift in Sources */,
				OBJ_65 /* OutputTarget.swift in Sources */,
				OBJ_66 /* Rainbow.swift in Sources */,
				OBJ_67 /* String+Rainbow.swift in Sources */,
				OBJ_68 /* StringGenerator.swift in Sources */,
				OBJ_69 /* Style.swift in Sources */,
				OBJ_70 /* XcodeColorsSupport.swift in Sources */,
			);
			runOnlyForDeploymentPostprocessing = 0;
		};
		OBJ_76 /* Sources */ = {
			isa = PBXSourcesBuildPhase;
			buildActionMask = 0;
			files = (
				OBJ_77 /* CommandLine.swift in Sources */,
				OBJ_78 /* Option.swift in Sources */,
				OBJ_79 /* StringExtensions.swift in Sources */,
			);
			runOnlyForDeploymentPostprocessing = 0;
		};
		OBJ_85 /* Sources */ = {
			isa = PBXSourcesBuildPhase;
			buildActionMask = 0;
			files = (
				OBJ_86 /* Case.swift in Sources */,
				OBJ_87 /* Context.swift in Sources */,
				OBJ_88 /* Expectation.swift in Sources */,
				OBJ_89 /* Failure.swift in Sources */,
				OBJ_90 /* Global.swift in Sources */,
				OBJ_91 /* GlobalContext.swift in Sources */,
				OBJ_92 /* Reporter.swift in Sources */,
				OBJ_93 /* Reporters.swift in Sources */,
			);
			runOnlyForDeploymentPostprocessing = 0;
		};
		OBJ_99 /* Sources */ = {
			isa = PBXSourcesBuildPhase;
			buildActionMask = 0;
			files = (
				OBJ_100 /* PathKit.swift in Sources */,
			);
			runOnlyForDeploymentPostprocessing = 0;
		};
/* End PBXSourcesBuildPhase section */

/* Begin PBXTargetDependency section */
		OBJ_103 /* PBXTargetDependency */ = {
			isa = PBXTargetDependency;
			target = OBJ_81 /* Spectre */;
			targetProxy = A5A0A8B11FE6869A004465FC /* PBXContainerItemProxy */;
		};
		OBJ_116 /* PBXTargetDependency */ = {
			isa = PBXTargetDependency;
			target = OBJ_55 /* Rainbow */;
			targetProxy = A5A0A8B21FE6869A004465FC /* PBXContainerItemProxy */;
		};
		OBJ_117 /* PBXTargetDependency */ = {
			isa = PBXTargetDependency;
			target = OBJ_72 /* CommandLineKit */;
			targetProxy = A5A0A8B31FE6869A004465FC /* PBXContainerItemProxy */;
		};
		OBJ_118 /* PBXTargetDependency */ = {
			isa = PBXTargetDependency;
			target = OBJ_81 /* Spectre */;
			targetProxy = A5A0A8B41FE6869A004465FC /* PBXContainerItemProxy */;
		};
		OBJ_119 /* PBXTargetDependency */ = {
			isa = PBXTargetDependency;
			target = OBJ_95 /* PathKit */;
			targetProxy = A5A0A8B51FE6869A004465FC /* PBXContainerItemProxy */;
		};
		OBJ_120 /* PBXTargetDependency */ = {
			isa = PBXTargetDependency;
			target = OBJ_121 /* FengNiaoKitCopy */;
			targetProxy = A5A0A8B61FE6869A004465FC /* PBXContainerItemProxy */;
		};
		OBJ_135 /* PBXTargetDependency */ = {
			isa = PBXTargetDependency;
			target = OBJ_55 /* Rainbow */;
			targetProxy = A5A0A8B71FE6869A004465FC /* PBXContainerItemProxy */;
		};
		OBJ_136 /* PBXTargetDependency */ = {
			isa = PBXTargetDependency;
			target = OBJ_72 /* CommandLineKit */;
			targetProxy = A5A0A8B81FE6869A004465FC /* PBXContainerItemProxy */;
		};
		OBJ_137 /* PBXTargetDependency */ = {
			isa = PBXTargetDependency;
			target = OBJ_81 /* Spectre */;
			targetProxy = A5A0A8B91FE6869A004465FC /* PBXContainerItemProxy */;
		};
		OBJ_138 /* PBXTargetDependency */ = {
			isa = PBXTargetDependency;
			target = OBJ_95 /* PathKit */;
			targetProxy = A5A0A8BA1FE6869A004465FC /* PBXContainerItemProxy */;
		};
		OBJ_151 /* PBXTargetDependency */ = {
			isa = PBXTargetDependency;
			target = OBJ_55 /* Rainbow */;
			targetProxy = A5A0A8BB1FE6869A004465FC /* PBXContainerItemProxy */;
		};
		OBJ_152 /* PBXTargetDependency */ = {
			isa = PBXTargetDependency;
			target = OBJ_72 /* CommandLineKit */;
			targetProxy = A5A0A8BC1FE6869A004465FC /* PBXContainerItemProxy */;
		};
		OBJ_153 /* PBXTargetDependency */ = {
			isa = PBXTargetDependency;
			target = OBJ_81 /* Spectre */;
			targetProxy = A5A0A8BD1FE6869A004465FC /* PBXContainerItemProxy */;
		};
		OBJ_154 /* PBXTargetDependency */ = {
			isa = PBXTargetDependency;
			target = OBJ_95 /* PathKit */;
			targetProxy = A5A0A8BE1FE6869A004465FC /* PBXContainerItemProxy */;
		};
		OBJ_155 /* PBXTargetDependency */ = {
			isa = PBXTargetDependency;
			target = OBJ_121 /* FengNiaoKitCopy */;
			targetProxy = A5A0A8BF1FE6869A004465FC /* PBXContainerItemProxy */;
		};
		OBJ_156 /* PBXTargetDependency */ = {
			isa = PBXTargetDependency;
			target = OBJ_104 /* FengNiaoCopy */;
			targetProxy = A5A0A8C01FE6869A004465FC /* PBXContainerItemProxy */;
		};
/* End PBXTargetDependency section */

/* Begin XCBuildConfiguration section */
		OBJ_106 /* Debug */ = {
			isa = XCBuildConfiguration;
			buildSettings = {
				FRAMEWORK_SEARCH_PATHS = (
					"$(inherited)",
					"$(PLATFORM_DIR)/Developer/Library/Frameworks",
				);
				HEADER_SEARCH_PATHS = "$(inherited)";
				INFOPLIST_FILE = FengNiaoCopy.xcodeproj/FengNiaoCopy_Info.plist;
				LD_RUNPATH_SEARCH_PATHS = "$(TOOLCHAIN_DIR)/usr/lib/swift/macosx @executable_path";
				OTHER_LDFLAGS = "$(inherited)";
				OTHER_SWIFT_FLAGS = "$(inherited)";
				SWIFT_FORCE_DYNAMIC_LINK_STDLIB = YES;
				SWIFT_FORCE_STATIC_LINK_STDLIB = NO;
				TARGET_NAME = FengNiaoCopy;
			};
			name = Debug;
		};
		OBJ_107 /* Release */ = {
			isa = XCBuildConfiguration;
			buildSettings = {
				FRAMEWORK_SEARCH_PATHS = (
					"$(inherited)",
					"$(PLATFORM_DIR)/Developer/Library/Frameworks",
				);
				HEADER_SEARCH_PATHS = "$(inherited)";
				INFOPLIST_FILE = FengNiaoCopy.xcodeproj/FengNiaoCopy_Info.plist;
				LD_RUNPATH_SEARCH_PATHS = "$(TOOLCHAIN_DIR)/usr/lib/swift/macosx @executable_path";
				OTHER_LDFLAGS = "$(inherited)";
				OTHER_SWIFT_FLAGS = "$(inherited)";
				SWIFT_FORCE_DYNAMIC_LINK_STDLIB = YES;
				SWIFT_FORCE_STATIC_LINK_STDLIB = NO;
				TARGET_NAME = FengNiaoCopy;
			};
			name = Release;
		};
		OBJ_123 /* Debug */ = {
			isa = XCBuildConfiguration;
			buildSettings = {
				ENABLE_TESTABILITY = YES;
				FRAMEWORK_SEARCH_PATHS = (
					"$(inherited)",
					"$(PLATFORM_DIR)/Developer/Library/Frameworks",
				);
				HEADER_SEARCH_PATHS = "$(inherited)";
				INFOPLIST_FILE = FengNiaoCopy.xcodeproj/FengNiaoKitCopy_Info.plist;
				LD_RUNPATH_SEARCH_PATHS = "$(TOOLCHAIN_DIR)/usr/lib/swift/macosx";
				OTHER_LDFLAGS = "$(inherited)";
				OTHER_SWIFT_FLAGS = "$(inherited)";
				PRODUCT_BUNDLE_IDENTIFIER = FengNiaoKitCopy;
				PRODUCT_MODULE_NAME = "$(TARGET_NAME:c99extidentifier)";
				PRODUCT_NAME = "$(TARGET_NAME:c99extidentifier)";
				SKIP_INSTALL = YES;
				TARGET_NAME = FengNiaoKitCopy;
			};
			name = Debug;
		};
		OBJ_124 /* Release */ = {
			isa = XCBuildConfiguration;
			buildSettings = {
				ENABLE_TESTABILITY = YES;
				FRAMEWORK_SEARCH_PATHS = (
					"$(inherited)",
					"$(PLATFORM_DIR)/Developer/Library/Frameworks",
				);
				HEADER_SEARCH_PATHS = "$(inherited)";
				INFOPLIST_FILE = FengNiaoCopy.xcodeproj/FengNiaoKitCopy_Info.plist;
				LD_RUNPATH_SEARCH_PATHS = "$(TOOLCHAIN_DIR)/usr/lib/swift/macosx";
				OTHER_LDFLAGS = "$(inherited)";
				OTHER_SWIFT_FLAGS = "$(inherited)";
				PRODUCT_BUNDLE_IDENTIFIER = FengNiaoKitCopy;
				PRODUCT_MODULE_NAME = "$(TARGET_NAME:c99extidentifier)";
				PRODUCT_NAME = "$(TARGET_NAME:c99extidentifier)";
				SKIP_INSTALL = YES;
				TARGET_NAME = FengNiaoKitCopy;
			};
			name = Release;
		};
		OBJ_141 /* Debug */ = {
			isa = XCBuildConfiguration;
			buildSettings = {
				EMBEDDED_CONTENT_CONTAINS_SWIFT = YES;
				FRAMEWORK_SEARCH_PATHS = (
					"$(inherited)",
					"$(PLATFORM_DIR)/Developer/Library/Frameworks",
				);
				HEADER_SEARCH_PATHS = "$(inherited)";
				INFOPLIST_FILE = FengNiaoCopy.xcodeproj/FengNiaoCopyTests_Info.plist;
				LD_RUNPATH_SEARCH_PATHS = "@loader_path/../Frameworks @loader_path/Frameworks";
				OTHER_LDFLAGS = "$(inherited)";
				OTHER_SWIFT_FLAGS = "$(inherited)";
				TARGET_NAME = FengNiaoCopyTests;
			};
			name = Debug;
		};
		OBJ_142 /* Release */ = {
			isa = XCBuildConfiguration;
			buildSettings = {
				EMBEDDED_CONTENT_CONTAINS_SWIFT = YES;
				FRAMEWORK_SEARCH_PATHS = (
					"$(inherited)",
					"$(PLATFORM_DIR)/Developer/Library/Frameworks",
				);
				HEADER_SEARCH_PATHS = "$(inherited)";
				INFOPLIST_FILE = FengNiaoCopy.xcodeproj/FengNiaoCopyTests_Info.plist;
				LD_RUNPATH_SEARCH_PATHS = "@loader_path/../Frameworks @loader_path/Frameworks";
				OTHER_LDFLAGS = "$(inherited)";
				OTHER_SWIFT_FLAGS = "$(inherited)";
				TARGET_NAME = FengNiaoCopyTests;
			};
			name = Release;
		};
		OBJ_3 /* Debug */ = {
			isa = XCBuildConfiguration;
			buildSettings = {
				CLANG_ENABLE_OBJC_ARC = YES;
				COMBINE_HIDPI_IMAGES = YES;
				COPY_PHASE_STRIP = NO;
				DEBUG_INFORMATION_FORMAT = dwarf;
				DYLIB_INSTALL_NAME_BASE = "@rpath";
				ENABLE_NS_ASSERTIONS = YES;
				GCC_OPTIMIZATION_LEVEL = 0;
				MACOSX_DEPLOYMENT_TARGET = 10.10;
				ONLY_ACTIVE_ARCH = YES;
				OTHER_SWIFT_FLAGS = "-DXcode";
				PRODUCT_NAME = "$(TARGET_NAME)";
				SDKROOT = macosx;
				SUPPORTED_PLATFORMS = "macosx iphoneos iphonesimulator appletvos appletvsimulator watchos watchsimulator";
				SWIFT_ACTIVE_COMPILATION_CONDITIONS = SWIFT_PACKAGE;
				SWIFT_OPTIMIZATION_LEVEL = "-Onone";
				SWIFT_VERSION = 3.0;
				USE_HEADERMAP = NO;
			};
			name = Debug;
		};
		OBJ_4 /* Release */ = {
			isa = XCBuildConfiguration;
			buildSettings = {
				CLANG_ENABLE_OBJC_ARC = YES;
				COMBINE_HIDPI_IMAGES = YES;
				COPY_PHASE_STRIP = YES;
				DEBUG_INFORMATION_FORMAT = "dwarf-with-dsym";
				DYLIB_INSTALL_NAME_BASE = "@rpath";
				GCC_OPTIMIZATION_LEVEL = s;
				MACOSX_DEPLOYMENT_TARGET = 10.10;
				OTHER_SWIFT_FLAGS = "-DXcode";
				PRODUCT_NAME = "$(TARGET_NAME)";
				SDKROOT = macosx;
				SUPPORTED_PLATFORMS = "macosx iphoneos iphonesimulator appletvos appletvsimulator watchos watchsimulator";
				SWIFT_ACTIVE_COMPILATION_CONDITIONS = SWIFT_PACKAGE;
				SWIFT_OPTIMIZATION_LEVEL = "-Owholemodule";
				SWIFT_VERSION = 3.0;
				USE_HEADERMAP = NO;
			};
			name = Release;
		};
		OBJ_57 /* Debug */ = {
			isa = XCBuildConfiguration;
			buildSettings = {
				ENABLE_TESTABILITY = YES;
				FRAMEWORK_SEARCH_PATHS = (
					"$(inherited)",
					"$(PLATFORM_DIR)/Developer/Library/Frameworks",
				);
				HEADER_SEARCH_PATHS = "$(inherited)";
				INFOPLIST_FILE = FengNiaoCopy.xcodeproj/Rainbow_Info.plist;
				LD_RUNPATH_SEARCH_PATHS = "$(TOOLCHAIN_DIR)/usr/lib/swift/macosx";
				OTHER_LDFLAGS = "$(inherited)";
				OTHER_SWIFT_FLAGS = "$(inherited)";
				PRODUCT_BUNDLE_IDENTIFIER = Rainbow;
				PRODUCT_MODULE_NAME = "$(TARGET_NAME:c99extidentifier)";
				PRODUCT_NAME = "$(TARGET_NAME:c99extidentifier)";
				SKIP_INSTALL = YES;
				TARGET_NAME = Rainbow;
			};
			name = Debug;
		};
		OBJ_58 /* Release */ = {
			isa = XCBuildConfiguration;
			buildSettings = {
				ENABLE_TESTABILITY = YES;
				FRAMEWORK_SEARCH_PATHS = (
					"$(inherited)",
					"$(PLATFORM_DIR)/Developer/Library/Frameworks",
				);
				HEADER_SEARCH_PATHS = "$(inherited)";
				INFOPLIST_FILE = FengNiaoCopy.xcodeproj/Rainbow_Info.plist;
				LD_RUNPATH_SEARCH_PATHS = "$(TOOLCHAIN_DIR)/usr/lib/swift/macosx";
				OTHER_LDFLAGS = "$(inherited)";
				OTHER_SWIFT_FLAGS = "$(inherited)";
				PRODUCT_BUNDLE_IDENTIFIER = Rainbow;
				PRODUCT_MODULE_NAME = "$(TARGET_NAME:c99extidentifier)";
				PRODUCT_NAME = "$(TARGET_NAME:c99extidentifier)";
				SKIP_INSTALL = YES;
				TARGET_NAME = Rainbow;
			};
			name = Release;
		};
		OBJ_74 /* Debug */ = {
			isa = XCBuildConfiguration;
			buildSettings = {
				ENABLE_TESTABILITY = YES;
				FRAMEWORK_SEARCH_PATHS = (
					"$(inherited)",
					"$(PLATFORM_DIR)/Developer/Library/Frameworks",
				);
				HEADER_SEARCH_PATHS = "$(inherited)";
				INFOPLIST_FILE = FengNiaoCopy.xcodeproj/CommandLineKit_Info.plist;
				LD_RUNPATH_SEARCH_PATHS = "$(TOOLCHAIN_DIR)/usr/lib/swift/macosx";
				OTHER_LDFLAGS = "$(inherited)";
				OTHER_SWIFT_FLAGS = "$(inherited)";
				PRODUCT_BUNDLE_IDENTIFIER = CommandLineKit;
				PRODUCT_MODULE_NAME = "$(TARGET_NAME:c99extidentifier)";
				PRODUCT_NAME = "$(TARGET_NAME:c99extidentifier)";
				SKIP_INSTALL = YES;
				TARGET_NAME = CommandLineKit;
			};
			name = Debug;
		};
		OBJ_75 /* Release */ = {
			isa = XCBuildConfiguration;
			buildSettings = {
				ENABLE_TESTABILITY = YES;
				FRAMEWORK_SEARCH_PATHS = (
					"$(inherited)",
					"$(PLATFORM_DIR)/Developer/Library/Frameworks",
				);
				HEADER_SEARCH_PATHS = "$(inherited)";
				INFOPLIST_FILE = FengNiaoCopy.xcodeproj/CommandLineKit_Info.plist;
				LD_RUNPATH_SEARCH_PATHS = "$(TOOLCHAIN_DIR)/usr/lib/swift/macosx";
				OTHER_LDFLAGS = "$(inherited)";
				OTHER_SWIFT_FLAGS = "$(inherited)";
				PRODUCT_BUNDLE_IDENTIFIER = CommandLineKit;
				PRODUCT_MODULE_NAME = "$(TARGET_NAME:c99extidentifier)";
				PRODUCT_NAME = "$(TARGET_NAME:c99extidentifier)";
				SKIP_INSTALL = YES;
				TARGET_NAME = CommandLineKit;
			};
			name = Release;
		};
		OBJ_83 /* Debug */ = {
			isa = XCBuildConfiguration;
			buildSettings = {
				ENABLE_TESTABILITY = YES;
				FRAMEWORK_SEARCH_PATHS = (
					"$(inherited)",
					"$(PLATFORM_DIR)/Developer/Library/Frameworks",
				);
				HEADER_SEARCH_PATHS = "$(inherited)";
				INFOPLIST_FILE = FengNiaoCopy.xcodeproj/Spectre_Info.plist;
				LD_RUNPATH_SEARCH_PATHS = "$(TOOLCHAIN_DIR)/usr/lib/swift/macosx";
				OTHER_LDFLAGS = "$(inherited)";
				OTHER_SWIFT_FLAGS = "$(inherited)";
				PRODUCT_BUNDLE_IDENTIFIER = Spectre;
				PRODUCT_MODULE_NAME = "$(TARGET_NAME:c99extidentifier)";
				PRODUCT_NAME = "$(TARGET_NAME:c99extidentifier)";
				SKIP_INSTALL = YES;
				TARGET_NAME = Spectre;
			};
			name = Debug;
		};
		OBJ_84 /* Release */ = {
			isa = XCBuildConfiguration;
			buildSettings = {
				ENABLE_TESTABILITY = YES;
				FRAMEWORK_SEARCH_PATHS = (
					"$(inherited)",
					"$(PLATFORM_DIR)/Developer/Library/Frameworks",
				);
				HEADER_SEARCH_PATHS = "$(inherited)";
				INFOPLIST_FILE = FengNiaoCopy.xcodeproj/Spectre_Info.plist;
				LD_RUNPATH_SEARCH_PATHS = "$(TOOLCHAIN_DIR)/usr/lib/swift/macosx";
				OTHER_LDFLAGS = "$(inherited)";
				OTHER_SWIFT_FLAGS = "$(inherited)";
				PRODUCT_BUNDLE_IDENTIFIER = Spectre;
				PRODUCT_MODULE_NAME = "$(TARGET_NAME:c99extidentifier)";
				PRODUCT_NAME = "$(TARGET_NAME:c99extidentifier)";
				SKIP_INSTALL = YES;
				TARGET_NAME = Spectre;
			};
			name = Release;
		};
		OBJ_97 /* Debug */ = {
			isa = XCBuildConfiguration;
			buildSettings = {
				ENABLE_TESTABILITY = YES;
				FRAMEWORK_SEARCH_PATHS = (
					"$(inherited)",
					"$(PLATFORM_DIR)/Developer/Library/Frameworks",
				);
				HEADER_SEARCH_PATHS = "$(inherited)";
				INFOPLIST_FILE = FengNiaoCopy.xcodeproj/PathKit_Info.plist;
				LD_RUNPATH_SEARCH_PATHS = "$(TOOLCHAIN_DIR)/usr/lib/swift/macosx";
				OTHER_LDFLAGS = "$(inherited)";
				OTHER_SWIFT_FLAGS = "$(inherited)";
				PRODUCT_BUNDLE_IDENTIFIER = PathKit;
				PRODUCT_MODULE_NAME = "$(TARGET_NAME:c99extidentifier)";
				PRODUCT_NAME = "$(TARGET_NAME:c99extidentifier)";
				SKIP_INSTALL = YES;
				TARGET_NAME = PathKit;
			};
			name = Debug;
		};
		OBJ_98 /* Release */ = {
			isa = XCBuildConfiguration;
			buildSettings = {
				ENABLE_TESTABILITY = YES;
				FRAMEWORK_SEARCH_PATHS = (
					"$(inherited)",
					"$(PLATFORM_DIR)/Developer/Library/Frameworks",
				);
				HEADER_SEARCH_PATHS = "$(inherited)";
				INFOPLIST_FILE = FengNiaoCopy.xcodeproj/PathKit_Info.plist;
				LD_RUNPATH_SEARCH_PATHS = "$(TOOLCHAIN_DIR)/usr/lib/swift/macosx";
				OTHER_LDFLAGS = "$(inherited)";
				OTHER_SWIFT_FLAGS = "$(inherited)";
				PRODUCT_BUNDLE_IDENTIFIER = PathKit;
				PRODUCT_MODULE_NAME = "$(TARGET_NAME:c99extidentifier)";
				PRODUCT_NAME = "$(TARGET_NAME:c99extidentifier)";
				SKIP_INSTALL = YES;
				TARGET_NAME = PathKit;
			};
			name = Release;
		};
/* End XCBuildConfiguration section */

/* Begin XCConfigurationList section */
		OBJ_105 /* Build configuration list for PBXNativeTarget "FengNiaoCopy" */ = {
			isa = XCConfigurationList;
			buildConfigurations = (
				OBJ_106 /* Debug */,
				OBJ_107 /* Release */,
			);
			defaultConfigurationIsVisible = 0;
			defaultConfigurationName = Debug;
		};
		OBJ_122 /* Build configuration list for PBXNativeTarget "FengNiaoKitCopy" */ = {
			isa = XCConfigurationList;
			buildConfigurations = (
				OBJ_123 /* Debug */,
				OBJ_124 /* Release */,
			);
			defaultConfigurationIsVisible = 0;
			defaultConfigurationName = Debug;
		};
		OBJ_140 /* Build configuration list for PBXNativeTarget "FengNiaoCopyTests" */ = {
			isa = XCConfigurationList;
			buildConfigurations = (
				OBJ_141 /* Debug */,
				OBJ_142 /* Release */,
			);
			defaultConfigurationIsVisible = 0;
			defaultConfigurationName = Debug;
		};
		OBJ_2 /* Build configuration list for PBXProject "FengNiaoCopy" */ = {
			isa = XCConfigurationList;
			buildConfigurations = (
				OBJ_3 /* Debug */,
				OBJ_4 /* Release */,
			);
			defaultConfigurationIsVisible = 0;
			defaultConfigurationName = Debug;
		};
		OBJ_56 /* Build configuration list for PBXNativeTarget "Rainbow" */ = {
			isa = XCConfigurationList;
			buildConfigurations = (
				OBJ_57 /* Debug */,
				OBJ_58 /* Release */,
			);
			defaultConfigurationIsVisible = 0;
			defaultConfigurationName = Debug;
		};
		OBJ_73 /* Build configuration list for PBXNativeTarget "CommandLineKit" */ = {
			isa = XCConfigurationList;
			buildConfigurations = (
				OBJ_74 /* Debug */,
				OBJ_75 /* Release */,
			);
			defaultConfigurationIsVisible = 0;
			defaultConfigurationName = Debug;
		};
		OBJ_82 /* Build configuration list for PBXNativeTarget "Spectre" */ = {
			isa = XCConfigurationList;
			buildConfigurations = (
				OBJ_83 /* Debug */,
				OBJ_84 /* Release */,
			);
			defaultConfigurationIsVisible = 0;
			defaultConfigurationName = Debug;
		};
		OBJ_96 /* Build configuration list for PBXNativeTarget "PathKit" */ = {
			isa = XCConfigurationList;
			buildConfigurations = (
				OBJ_97 /* Debug */,
				OBJ_98 /* Release */,
			);
			defaultConfigurationIsVisible = 0;
			defaultConfigurationName = Debug;
		};
/* End XCConfigurationList section */
	};
	rootObject = OBJ_1 /* Project object */;
}
